// !$*UTF8*$!
{
	archiveVersion = 1;
	classes = {
	};
	objectVersion = 48;
	objects = {

/* Begin PBXBuildFile section */
		FF654CDD1F73BFF200D911A8 /* AppDelegate.swift in Sources */ = {isa = PBXBuildFile; fileRef = FF654CDC1F73BFF200D911A8 /* AppDelegate.swift */; };
		FF654CDF1F73BFF200D911A8 /* RecordSoundsViewController.swift in Sources */ = {isa = PBXBuildFile; fileRef = FF654CDE1F73BFF200D911A8 /* RecordSoundsViewController.swift */; };
		FF654CE21F73BFF200D911A8 /* Main.storyboard in Resources */ = {isa = PBXBuildFile; fileRef = FF654CE01F73BFF200D911A8 /* Main.storyboard */; };
		FF654CE51F73BFF200D911A8 /* PitchPerfect.xcdatamodeld in Sources */ = {isa = PBXBuildFile; fileRef = FF654CE31F73BFF200D911A8 /* PitchPerfect.xcdatamodeld */; };
		FF654CE71F73BFF200D911A8 /* Assets.xcassets in Resources */ = {isa = PBXBuildFile; fileRef = FF654CE61F73BFF200D911A8 /* Assets.xcassets */; };
		FF654CEA1F73BFF200D911A8 /* LaunchScreen.storyboard in Resources */ = {isa = PBXBuildFile; fileRef = FF654CE81F73BFF200D911A8 /* LaunchScreen.storyboard */; };
		FF654CF51F73BFF300D911A8 /* PitchPerfectUITests.swift in Sources */ = {isa = PBXBuildFile; fileRef = FF654CF41F73BFF300D911A8 /* PitchPerfectUITests.swift */; };
		FF654D011F73D72800D911A8 /* PlaySoundsViewController.swift in Sources */ = {isa = PBXBuildFile; fileRef = FF654D001F73D72800D911A8 /* PlaySoundsViewController.swift */; };
		FF654D051F73E17800D911A8 /* PlaySoundsViewController+Audio.swift in Sources */ = {isa = PBXBuildFile; fileRef = FF654D041F73E17800D911A8 /* PlaySoundsViewController+Audio.swift */; };
		FF654D071F75311E00D911A8 /* RecordSoundsViewController+Audio.swift in Sources */ = {isa = PBXBuildFile; fileRef = FF654D061F75311E00D911A8 /* RecordSoundsViewController+Audio.swift */; };
/* End PBXBuildFile section */

/* Begin PBXContainerItemProxy section */
		FF654CF11F73BFF300D911A8 /* PBXContainerItemProxy */ = {
			isa = PBXContainerItemProxy;
			containerPortal = FF654CD11F73BFF200D911A8 /* Project object */;
			proxyType = 1;
			remoteGlobalIDString = FF654CD81F73BFF200D911A8;
			remoteInfo = PitchPerfect;
		};
/* End PBXContainerItemProxy section */

/* Begin PBXFileReference section */
		FF654CD91F73BFF200D911A8 /* PitchPerfect.app */ = {isa = PBXFileReference; explicitFileType = wrapper.application; includeInIndex = 0; path = PitchPerfect.app; sourceTree = BUILT_PRODUCTS_DIR; };
		FF654CDC1F73BFF200D911A8 /* AppDelegate.swift */ = {isa = PBXFileReference; lastKnownFileType = sourcecode.swift; path = AppDelegate.swift; sourceTree = "<group>"; };
		FF654CDE1F73BFF200D911A8 /* RecordSoundsViewController.swift */ = {isa = PBXFileReference; lastKnownFileType = sourcecode.swift; path = RecordSoundsViewController.swift; sourceTree = "<group>"; };
		FF654CE11F73BFF200D911A8 /* Base */ = {isa = PBXFileReference; lastKnownFileType = file.storyboard; name = Base; path = Base.lproj/Main.storyboard; sourceTree = "<group>"; };
		FF654CE41F73BFF200D911A8 /* PitchPerfect.xcdatamodel */ = {isa = PBXFileReference; lastKnownFileType = wrapper.xcdatamodel; path = PitchPerfect.xcdatamodel; sourceTree = "<group>"; };
		FF654CE61F73BFF200D911A8 /* Assets.xcassets */ = {isa = PBXFileReference; lastKnownFileType = folder.assetcatalog; path = Assets.xcassets; sourceTree = "<group>"; };
		FF654CE91F73BFF200D911A8 /* Base */ = {isa = PBXFileReference; lastKnownFileType = file.storyboard; name = Base; path = Base.lproj/LaunchScreen.storyboard; sourceTree = "<group>"; };
		FF654CEB1F73BFF200D911A8 /* Info.plist */ = {isa = PBXFileReference; lastKnownFileType = text.plist.xml; path = Info.plist; sourceTree = "<group>"; };
		FF654CF01F73BFF300D911A8 /* PitchPerfectUITests.xctest */ = {isa = PBXFileReference; explicitFileType = wrapper.cfbundle; includeInIndex = 0; path = PitchPerfectUITests.xctest; sourceTree = BUILT_PRODUCTS_DIR; };
		FF654CF41F73BFF300D911A8 /* PitchPerfectUITests.swift */ = {isa = PBXFileReference; lastKnownFileType = sourcecode.swift; path = PitchPerfectUITests.swift; sourceTree = "<group>"; };
		FF654CF61F73BFF300D911A8 /* Info.plist */ = {isa = PBXFileReference; lastKnownFileType = text.plist.xml; path = Info.plist; sourceTree = "<group>"; };
		FF654D001F73D72800D911A8 /* PlaySoundsViewController.swift */ = {isa = PBXFileReference; lastKnownFileType = sourcecode.swift; path = PlaySoundsViewController.swift; sourceTree = "<group>"; };
		FF654D041F73E17800D911A8 /* PlaySoundsViewController+Audio.swift */ = {isa = PBXFileReference; lastKnownFileType = sourcecode.swift; path = "PlaySoundsViewController+Audio.swift"; sourceTree = "<group>"; };
		FF654D061F75311E00D911A8 /* RecordSoundsViewController+Audio.swift */ = {isa = PBXFileReference; lastKnownFileType = sourcecode.swift; path = "RecordSoundsViewController+Audio.swift"; sourceTree = "<group>"; };
/* End PBXFileReference section */

/* Begin PBXFrameworksBuildPhase section */
		FF654CD61F73BFF200D911A8 /* Frameworks */ = {
			isa = PBXFrameworksBuildPhase;
			buildActionMask = 2147483647;
			files = (
			);
			runOnlyForDeploymentPostprocessing = 0;
		};
		FF654CED1F73BFF300D911A8 /* Frameworks */ = {
			isa = PBXFrameworksBuildPhase;
			buildActionMask = 2147483647;
			files = (
			);
			runOnlyForDeploymentPostprocessing = 0;
		};
/* End PBXFrameworksBuildPhase section */

/* Begin PBXGroup section */
		FF654CD01F73BFF200D911A8 = {
			isa = PBXGroup;
			children = (
				FF654CDB1F73BFF200D911A8 /* PitchPerfect */,
				FF654CF31F73BFF300D911A8 /* PitchPerfectUITests */,
				FF654CDA1F73BFF200D911A8 /* Products */,
			);
			sourceTree = "<group>";
		};
		FF654CDA1F73BFF200D911A8 /* Products */ = {
			isa = PBXGroup;
			children = (
				FF654CD91F73BFF200D911A8 /* PitchPerfect.app */,
				FF654CF01F73BFF300D911A8 /* PitchPerfectUITests.xctest */,
			);
			name = Products;
			sourceTree = "<group>";
		};
		FF654CDB1F73BFF200D911A8 /* PitchPerfect */ = {
			isa = PBXGroup;
			children = (
				FF654CDC1F73BFF200D911A8 /* AppDelegate.swift */,
				FF654CDE1F73BFF200D911A8 /* RecordSoundsViewController.swift */,
				FF654D061F75311E00D911A8 /* RecordSoundsViewController+Audio.swift */,
				FF654D001F73D72800D911A8 /* PlaySoundsViewController.swift */,
				FF654D041F73E17800D911A8 /* PlaySoundsViewController+Audio.swift */,
				FF654CE01F73BFF200D911A8 /* Main.storyboard */,
				FF654CE61F73BFF200D911A8 /* Assets.xcassets */,
				FF654CE81F73BFF200D911A8 /* LaunchScreen.storyboard */,
				FF654CEB1F73BFF200D911A8 /* Info.plist */,
				FF654CE31F73BFF200D911A8 /* PitchPerfect.xcdatamodeld */,
			);
			path = PitchPerfect;
			sourceTree = "<group>";
		};
		FF654CF31F73BFF300D911A8 /* PitchPerfectUITests */ = {
			isa = PBXGroup;
			children = (
				FF654CF41F73BFF300D911A8 /* PitchPerfectUITests.swift */,
				FF654CF61F73BFF300D911A8 /* Info.plist */,
			);
			path = PitchPerfectUITests;
			sourceTree = "<group>";
		};
/* End PBXGroup section */

/* Begin PBXNativeTarget section */
		FF654CD81F73BFF200D911A8 /* PitchPerfect */ = {
			isa = PBXNativeTarget;
			buildConfigurationList = FF654CF91F73BFF300D911A8 /* Build configuration list for PBXNativeTarget "PitchPerfect" */;
			buildPhases = (
				FF654CD51F73BFF200D911A8 /* Sources */,
				FF654CD61F73BFF200D911A8 /* Frameworks */,
				FF654CD71F73BFF200D911A8 /* Resources */,
			);
			buildRules = (
			);
			dependencies = (
			);
			name = PitchPerfect;
			productName = PitchPerfect;
			productReference = FF654CD91F73BFF200D911A8 /* PitchPerfect.app */;
			productType = "com.apple.product-type.application";
		};
		FF654CEF1F73BFF300D911A8 /* PitchPerfectUITests */ = {
			isa = PBXNativeTarget;
			buildConfigurationList = FF654CFC1F73BFF300D911A8 /* Build configuration list for PBXNativeTarget "PitchPerfectUITests" */;
			buildPhases = (
				FF654CEC1F73BFF300D911A8 /* Sources */,
				FF654CED1F73BFF300D911A8 /* Frameworks */,
				FF654CEE1F73BFF300D911A8 /* Resources */,
			);
			buildRules = (
			);
			dependencies = (
				FF654CF21F73BFF300D911A8 /* PBXTargetDependency */,
			);
			name = PitchPerfectUITests;
			productName = PitchPerfectUITests;
			productReference = FF654CF01F73BFF300D911A8 /* PitchPerfectUITests.xctest */;
			productType = "com.apple.product-type.bundle.ui-testing";
		};
/* End PBXNativeTarget section */

/* Begin PBXProject section */
		FF654CD11F73BFF200D911A8 /* Project object */ = {
			isa = PBXProject;
			attributes = {
				LastSwiftUpdateCheck = 0900;
				LastUpgradeCheck = 0900;
				ORGANIZATIONNAME = "Justin Priday";
				TargetAttributes = {
					FF654CD81F73BFF200D911A8 = {
						CreatedOnToolsVersion = 9.0;
						ProvisioningStyle = Automatic;
					};
					FF654CEF1F73BFF300D911A8 = {
						CreatedOnToolsVersion = 9.0;
						ProvisioningStyle = Automatic;
						TestTargetID = FF654CD81F73BFF200D911A8;
					};
				};
			};
			buildConfigurationList = FF654CD41F73BFF200D911A8 /* Build configuration list for PBXProject "PitchPerfect" */;
			compatibilityVersion = "Xcode 8.0";
			developmentRegion = en;
			hasScannedForEncodings = 0;
			knownRegions = (
				en,
				Base,
			);
			mainGroup = FF654CD01F73BFF200D911A8;
			productRefGroup = FF654CDA1F73BFF200D911A8 /* Products */;
			projectDirPath = "";
			projectRoot = "";
			targets = (
				FF654CD81F73BFF200D911A8 /* PitchPerfect */,
				FF654CEF1F73BFF300D911A8 /* PitchPerfectUITests */,
			);
		};
/* End PBXProject section */

/* Begin PBXResourcesBuildPhase section */
		FF654CD71F73BFF200D911A8 /* Resources */ = {
			isa = PBXResourcesBuildPhase;
			buildActionMask = 2147483647;
			files = (
				FF654CEA1F73BFF200D911A8 /* LaunchScreen.storyboard in Resources */,
				FF654CE71F73BFF200D911A8 /* Assets.xcassets in Resources */,
				FF654CE21F73BFF200D911A8 /* Main.storyboard in Resources */,
			);
			runOnlyForDeploymentPostprocessing = 0;
		};
		FF654CEE1F73BFF300D911A8 /* Resources */ = {
			isa = PBXResourcesBuildPhase;
			buildActionMask = 2147483647;
			files = (
			);
			runOnlyForDeploymentPostprocessing = 0;
		};
/* End PBXResourcesBuildPhase section */

/* Begin PBXSourcesBuildPhase section */
		FF654CD51F73BFF200D911A8 /* Sources */ = {
			isa = PBXSourcesBuildPhase;
			buildActionMask = 2147483647;
			files = (
				FF654D071F75311E00D911A8 /* RecordSoundsViewController+Audio.swift in Sources */,
				FF654CDF1F73BFF200D911A8 /* RecordSoundsViewController.swift in Sources */,
				FF654CE51F73BFF200D911A8 /* PitchPerfect.xcdatamodeld in Sources */,
				FF654D011F73D72800D911A8 /* PlaySoundsViewController.swift in Sources */,
				FF654CDD1F73BFF200D911A8 /* AppDelegate.swift in Sources */,
				FF654D051F73E17800D911A8 /* PlaySoundsViewController+Audio.swift in Sources */,
			);
			runOnlyForDeploymentPostprocessing = 0;
		};
		FF654CEC1F73BFF300D911A8 /* Sources */ = {
			isa = PBXSourcesBuildPhase;
			buildActionMask = 2147483647;
			files = (
				FF654CF51F73BFF300D911A8 /* PitchPerfectUITests.swift in Sources */,
			);
			runOnlyForDeploymentPostprocessing = 0;
		};
/* End PBXSourcesBuildPhase section */

/* Begin PBXTargetDependency section */
		FF654CF21F73BFF300D911A8 /* PBXTargetDependency */ = {
			isa = PBXTargetDependency;
			target = FF654CD81F73BFF200D911A8 /* PitchPerfect */;
			targetProxy = FF654CF11F73BFF300D911A8 /* PBXContainerItemProxy */;
		};
/* End PBXTargetDependency section */

/* Begin PBXVariantGroup section */
		FF654CE01F73BFF200D911A8 /* Main.storyboard */ = {
			isa = PBXVariantGroup;
			children = (
				FF654CE11F73BFF200D911A8 /* Base */,
			);
			name = Main.storyboard;
			sourceTree = "<group>";
		};
		FF654CE81F73BFF200D911A8 /* LaunchScreen.storyboard */ = {
			isa = PBXVariantGroup;
			children = (
				FF654CE91F73BFF200D911A8 /* Base */,
			);
			name = LaunchScreen.storyboard;
			sourceTree = "<group>";
		};
/* End PBXVariantGroup section */

/* Begin XCBuildConfiguration section */
		FF654CF71F73BFF300D911A8 /* Debug */ = {
			isa = XCBuildConfiguration;
			buildSettings = {
				ALWAYS_SEARCH_USER_PATHS = NO;
				CLANG_ANALYZER_NONNULL = YES;
				CLANG_ANALYZER_NUMBER_OBJECT_CONVERSION = YES_AGGRESSIVE;
				CLANG_CXX_LANGUAGE_STANDARD = "gnu++14";
				CLANG_CXX_LIBRARY = "libc++";
				CLANG_ENABLE_MODULES = YES;
				CLANG_ENABLE_OBJC_ARC = YES;
				CLANG_WARN_BLOCK_CAPTURE_AUTORELEASING = YES;
				CLANG_WARN_BOOL_CONVERSION = YES;
				CLANG_WARN_COMMA = YES;
				CLANG_WARN_CONSTANT_CONVERSION = YES;
				CLANG_WARN_DIRECT_OBJC_ISA_USAGE = YES_ERROR;
				CLANG_WARN_DOCUMENTATION_COMMENTS = YES;
				CLANG_WARN_EMPTY_BODY = YES;
				CLANG_WARN_ENUM_CONVERSION = YES;
				CLANG_WARN_INFINITE_RECURSION = YES;
				CLANG_WARN_INT_CONVERSION = YES;
				CLANG_WARN_NON_LITERAL_NULL_CONVERSION = YES;
				CLANG_WARN_OBJC_LITERAL_CONVERSION = YES;
				CLANG_WARN_OBJC_ROOT_CLASS = YES_ERROR;
				CLANG_WARN_RANGE_LOOP_ANALYSIS = YES;
				CLANG_WARN_STRICT_PROTOTYPES = YES;
				CLANG_WARN_SUSPICIOUS_MOVE = YES;
				CLANG_WARN_UNGUARDED_AVAILABILITY = YES_AGGRESSIVE;
				CLANG_WARN_UNREACHABLE_CODE = YES;
				CLANG_WARN__DUPLICATE_METHOD_MATCH = YES;
				CODE_SIGN_IDENTITY = "iPhone Developer";
				COPY_PHASE_STRIP = NO;
				DEBUG_INFORMATION_FORMAT = dwarf;
				ENABLE_STRICT_OBJC_MSGSEND = YES;
				ENABLE_TESTABILITY = YES;
				GCC_C_LANGUAGE_STANDARD = gnu11;
				GCC_DYNAMIC_NO_PIC = NO;
				GCC_NO_COMMON_BLOCKS = YES;
				GCC_OPTIMIZATION_LEVEL = 0;
				GCC_PREPROCESSOR_DEFINITIONS = (
					"DEBUG=1",
					"$(inherited)",
				);
				GCC_WARN_64_TO_32_BIT_CONVERSION = YES;
				GCC_WARN_ABOUT_RETURN_TYPE = YES_ERROR;
				GCC_WARN_UNDECLARED_SELECTOR = YES;
				GCC_WARN_UNINITIALIZED_AUTOS = YES_AGGRESSIVE;
				GCC_WARN_UNUSED_FUNCTION = YES;
				GCC_WARN_UNUSED_VARIABLE = YES;
				IPHONEOS_DEPLOYMENT_TARGET = 11.0;
				MTL_ENABLE_DEBUG_INFO = YES;
				ONLY_ACTIVE_ARCH = YES;
				SDKROOT = iphoneos;
				SWIFT_ACTIVE_COMPILATION_CONDITIONS = DEBUG;
				SWIFT_OPTIMIZATION_LEVEL = "-Onone";
			};
			name = Debug;
		};
		FF654CF81F73BFF300D911A8 /* Release */ = {
			isa = XCBuildConfiguration;
			buildSettings = {
				ALWAYS_SEARCH_USER_PATHS = NO;
				CLANG_ANALYZER_NONNULL = YES;
				CLANG_ANALYZER_NUMBER_OBJECT_CONVERSION = YES_AGGRESSIVE;
				CLANG_CXX_LANGUAGE_STANDARD = "gnu++14";
				CLANG_CXX_LIBRARY = "libc++";
				CLANG_ENABLE_MODULES = YES;
				CLANG_ENABLE_OBJC_ARC = YES;
				CLANG_WARN_BLOCK_CAPTURE_AUTORELEASING = YES;
				CLANG_WARN_BOOL_CONVERSION = YES;
				CLANG_WARN_COMMA = YES;
				CLANG_WARN_CONSTANT_CONVERSION = YES;
				CLANG_WARN_DIRECT_OBJC_ISA_USAGE = YES_ERROR;
				CLANG_WARN_DOCUMENTATION_COMMENTS = YES;
				CLANG_WARN_EMPTY_BODY = YES;
				CLANG_WARN_ENUM_CONVERSION = YES;
				CLANG_WARN_INFINITE_RECURSION = YES;
				CLANG_WARN_INT_CONVERSION = YES;
				CLANG_WARN_NON_LITERAL_NULL_CONVERSION = YES;
				CLANG_WARN_OBJC_LITERAL_CONVERSION = YES;
				CLANG_WARN_OBJC_ROOT_CLASS = YES_ERROR;
				CLANG_WARN_RANGE_LOOP_ANALYSIS = YES;
				CLANG_WARN_STRICT_PROTOTYPES = YES;
				CLANG_WARN_SUSPICIOUS_MOVE = YES;
				CLANG_WARN_UNGUARDED_AVAILABILITY = YES_AGGRESSIVE;
				CLANG_WARN_UNREACHABLE_CODE = YES;
				CLANG_WARN__DUPLICATE_METHOD_MATCH = YES;
				CODE_SIGN_IDENTITY = "iPhone Developer";
				COPY_PHASE_STRIP = NO;
				DEBUG_INFORMATION_FORMAT = "dwarf-with-dsym";
				ENABLE_NS_ASSERTIONS = NO;
				ENABLE_STRICT_OBJC_MSGSEND = YES;
				GCC_C_LANGUAGE_STANDARD = gnu11;
				GCC_NO_COMMON_BLOCKS = YES;
				GCC_WARN_64_TO_32_BIT_CONVERSION = YES;
				GCC_WARN_ABOUT_RETURN_TYPE = YES_ERROR;
				GCC_WARN_UNDECLARED_SELECTOR = YES;
				GCC_WARN_UNINITIALIZED_AUTOS = YES_AGGRESSIVE;
				GCC_WARN_UNUSED_FUNCTION = YES;
				GCC_WARN_UNUSED_VARIABLE = YES;
				IPHONEOS_DEPLOYMENT_TARGET = 11.0;
				MTL_ENABLE_DEBUG_INFO = NO;
				SDKROOT = iphoneos;
				SWIFT_OPTIMIZATION_LEVEL = "-Owholemodule";
				VALIDATE_PRODUCT = YES;
			};
			name = Release;
		};
		FF654CFA1F73BFF300D911A8 /* Debug */ = {
			isa = XCBuildConfiguration;
			buildSettings = {
				ASSETCATALOG_COMPILER_APPICON_NAME = AppIcon;
				CODE_SIGN_STYLE = Automatic;
				DEVELOPMENT_TEAM = EPF4M4227K;
				INFOPLIST_FILE = PitchPerfect/Info.plist;
				LD_RUNPATH_SEARCH_PATHS = "$(inherited) @executable_path/Frameworks";
				PRODUCT_BUNDLE_IDENTIFIER = com.JustinPriday.PitchPerfect;
				PRODUCT_NAME = "$(TARGET_NAME)";
				SWIFT_VERSION = 4.0;
				TARGETED_DEVICE_FAMILY = "1,2";
			};
			name = Debug;
		};
		FF654CFB1F73BFF300D911A8 /* Release */ = {
			isa = XCBuildConfiguration;
			buildSettings = {
				ASSETCATALOG_COMPILER_APPICON_NAME = AppIcon;
				CODE_SIGN_STYLE = Automatic;
				DEVELOPMENT_TEAM = EPF4M4227K;
				INFOPLIST_FILE = PitchPerfect/Info.plist;
				LD_RUNPATH_SEARCH_PATHS = "$(inherited) @executable_path/Frameworks";
				PRODUCT_BUNDLE_IDENTIFIER = com.JustinPriday.PitchPerfect;
				PRODUCT_NAME = "$(TARGET_NAME)";
				SWIFT_VERSION = 4.0;
				TARGETED_DEVICE_FAMILY = "1,2";
			};
			name = Release;
		};
		FF654CFD1F73BFF300D911A8 /* Debug */ = {
			isa = XCBuildConfiguration;
			buildSettings = {
				ALWAYS_EMBED_SWIFT_STANDARD_LIBRARIES = YES;
				CODE_SIGN_STYLE = Automatic;
				DEVELOPMENT_TEAM = EPF4M4227K;
				INFOPLIST_FILE = PitchPerfectUITests/Info.plist;
				LD_RUNPATH_SEARCH_PATHS = "$(inherited) @executable_path/Frameworks @loader_path/Frameworks";
				PRODUCT_BUNDLE_IDENTIFIER = com.JustinPriday.PitchPerfectUITests;
				PRODUCT_NAME = "$(TARGET_NAME)";
				SWIFT_VERSION = 4.0;
				TARGETED_DEVICE_FAMILY = "1,2";
				TEST_TARGET_NAME = PitchPerfect;
			};
			name = Debug;
		};
		FF654CFE1F73BFF300D911A8 /* Release */ = {
			isa = XCBuildConfiguration;
			buildSettings = {
				ALWAYS_EMBED_SWIFT_STANDARD_LIBRARIES = YES;
				CODE_SIGN_STYLE = Automatic;
				DEVELOPMENT_TEAM = EPF4M4227K;
				INFOPLIST_FILE = PitchPerfectUITests/Info.plist;
				LD_RUNPATH_SEARCH_PATHS = "$(inherited) @executable_path/Frameworks @loader_path/Frameworks";
				PRODUCT_BUNDLE_IDENTIFIER = com.JustinPriday.PitchPerfectUITests;
				PRODUCT_NAME = "$(TARGET_NAME)";
				SWIFT_VERSION = 4.0;
				TARGETED_DEVICE_FAMILY = "1,2";
				TEST_TARGET_NAME = PitchPerfect;
			};
			name = Release;
		};
/* End XCBuildConfiguration section */

/* Begin XCConfigurationList section */
		FF654CD41F73BFF200D911A8 /* Build configuration list for PBXProject "PitchPerfect" */ = {
			isa = XCConfigurationList;
			buildConfigurations = (
				FF654CF71F73BFF300D911A8 /* Debug */,
				FF654CF81F73BFF300D911A8 /* Release */,
			);
			defaultConfigurationIsVisible = 0;
			defaultConfigurationName = Release;
		};
		FF654CF91F73BFF300D911A8 /* Build configuration list for PBXNativeTarget "PitchPerfect" */ = {
			isa = XCConfigurationList;
			buildConfigurations = (
				FF654CFA1F73BFF300D911A8 /* Debug */,
				FF654CFB1F73BFF300D911A8 /* Release */,
			);
			defaultConfigurationIsVisible = 0;
			defaultConfigurationName = Release;
		};
		FF654CFC1F73BFF300D911A8 /* Build configuration list for PBXNativeTarget "PitchPerfectUITests" */ = {
			isa = XCConfigurationList;
			buildConfigurations = (
				FF654CFD1F73BFF300D911A8 /* Debug */,
				FF654CFE1F73BFF300D911A8 /* Release */,
			);
			defaultConfigurationIsVisible = 0;
			defaultConfigurationName = Release;
		};
/* End XCConfigurationList section */

/* Begin XCVersionGroup section */
		FF654CE31F73BFF200D911A8 /* PitchPerfect.xcdatamodeld */ = {
			isa = XCVersionGroup;
			children = (
				FF654CE41F73BFF200D911A8 /* PitchPerfect.xcdatamodel */,
			);
			currentVersion = FF654CE41F73BFF200D911A8 /* PitchPerfect.xcdatamodel */;
			path = PitchPerfect.xcdatamodeld;
			sourceTree = "<group>";
			versionGroupType = wrapper.xcdatamodel;
		};
/* End XCVersionGroup section */
	};
	rootObject = FF654CD11F73BFF200D911A8 /* Project object */;
}
